
Microsoft Visual Studio Solution File, Format Version 12.00
# Visual Studio 15
VisualStudioVersion = 15.0.28307.438
MinimumVisualStudioVersion = 10.0.40219.1
Project("{FAE04EC0-301F-11D3-BF4B-00C04F79EFBC}") = "TimetableGenerator", "TimetableGenerator\TimetableGenerator.csproj", "{05C8701A-B6E4-4ADC-84BB-C8D6A32DE796}"
EndProject
Global
	GlobalSection(SolutionConfigurationPlatforms) = preSolution
		Debug|Any CPU = Debug|Any CPU
		Release|Any CPU = Release|Any CPU
	EndGlobalSection
	GlobalSection(ProjectConfigurationPlatforms) = postSolution
		{05C8701A-B6E4-4ADC-84BB-C8D6A32DE796}.Debug|Any CPU.ActiveCfg = Debug|Any CPU
		{05C8701A-B6E4-4ADC-84BB-C8D6A32DE796}.Debug|Any CPU.Build.0 = Debug|Any CPU
		{05C8701A-B6E4-4ADC-84BB-C8D6A32DE796}.Release|Any CPU.ActiveCfg = Release|Any CPU
		{05C8701A-B6E4-4ADC-84BB-C8D6A32DE796}.Release|Any CPU.Build.0 = Release|Any CPU
	EndGlobalSection
	GlobalSection(SolutionProperties) = preSolution
		HideSolutionNode = FALSE
	EndGlobalSection
	GlobalSection(ExtensibilityGlobals) = postSolution
		SolutionGuid = {A30C8147-479B-471B-9953-2D6C8EB4C967}
	EndGlobalSection
EndGlobal
